
Microsoft Visual Studio Solution File, Format Version 12.00
# Visual Studio Version 17
VisualStudioVersion = 17.7.34221.43
MinimumVisualStudioVersion = 10.0.40219.1
Project("{9A19103F-16F7-4668-BE54-9A1E7A4F7556}") = "EasyAuthSamples.SimpleSite", "EasyAuthSamples.SimpleSite\EasyAuthSamples.SimpleSite.csproj", "{45AC8D62-54A5-489E-88A5-D172E6564383}"
EndProject
Project("{9A19103F-16F7-4668-BE54-9A1E7A4F7556}") = "EasyAuthSamples.Common", "EasyAuthSamples.Common\EasyAuthSamples.Common.csproj", "{6F3454FE-2C2D-4232-886E-EF0A2EAC08D1}"
EndProject
Project("{9A19103F-16F7-4668-BE54-9A1E7A4F7556}") = "EasyAuthSamples.UserClaimsSite", "EasyAuthSamples.UserClaimsSite\EasyAuthSamples.UserClaimsSite.csproj", "{04A09B7D-ACD3-455B-9E20-6ACB8AC6669F}"
EndProject
Project("{FAE04EC0-301F-11D3-BF4B-00C04F79EFBC}") = "EasyAuthSamples.MultiProviderSite", "EasyAuthSamples.MultiProviderSite\EasyAuthSamples.MultiProviderSite.csproj", "{702BAF6F-18B4-41F1-9D26-BAE87A7C9F2C}"
EndProject
Global
	GlobalSection(SolutionConfigurationPlatforms) = preSolution
		Debug|Any CPU = Debug|Any CPU
		Release|Any CPU = Release|Any CPU
	EndGlobalSection
	GlobalSection(ProjectConfigurationPlatforms) = postSolution
		{45AC8D62-54A5-489E-88A5-D172E6564383}.Debug|Any CPU.ActiveCfg = Debug|Any CPU
		{45AC8D62-54A5-489E-88A5-D172E6564383}.Debug|Any CPU.Build.0 = Debug|Any CPU
		{45AC8D62-54A5-489E-88A5-D172E6564383}.Release|Any CPU.ActiveCfg = Release|Any CPU
		{45AC8D62-54A5-489E-88A5-D172E6564383}.Release|Any CPU.Build.0 = Release|Any CPU
		{6F3454FE-2C2D-4232-886E-EF0A2EAC08D1}.Debug|Any CPU.ActiveCfg = Debug|Any CPU
		{6F3454FE-2C2D-4232-886E-EF0A2EAC08D1}.Debug|Any CPU.Build.0 = Debug|Any CPU
		{6F3454FE-2C2D-4232-886E-EF0A2EAC08D1}.Release|Any CPU.ActiveCfg = Release|Any CPU
		{6F3454FE-2C2D-4232-886E-EF0A2EAC08D1}.Release|Any CPU.Build.0 = Release|Any CPU
		{04A09B7D-ACD3-455B-9E20-6ACB8AC6669F}.Debug|Any CPU.ActiveCfg = Debug|Any CPU
		{04A09B7D-ACD3-455B-9E20-6ACB8AC6669F}.Debug|Any CPU.Build.0 = Debug|Any CPU
		{04A09B7D-ACD3-455B-9E20-6ACB8AC6669F}.Release|Any CPU.ActiveCfg = Release|Any CPU
		{04A09B7D-ACD3-455B-9E20-6ACB8AC6669F}.Release|Any CPU.Build.0 = Release|Any CPU
		{702BAF6F-18B4-41F1-9D26-BAE87A7C9F2C}.Debug|Any CPU.ActiveCfg = Debug|Any CPU
		{702BAF6F-18B4-41F1-9D26-BAE87A7C9F2C}.Debug|Any CPU.Build.0 = Debug|Any CPU
		{702BAF6F-18B4-41F1-9D26-BAE87A7C9F2C}.Release|Any CPU.ActiveCfg = Release|Any CPU
		{702BAF6F-18B4-41F1-9D26-BAE87A7C9F2C}.Release|Any CPU.Build.0 = Release|Any CPU
	EndGlobalSection
	GlobalSection(SolutionProperties) = preSolution
		HideSolutionNode = FALSE
	EndGlobalSection
	GlobalSection(ExtensibilityGlobals) = postSolution
		SolutionGuid = {6ABAE0E0-AA6E-4248-8F6E-EF1DE18C2547}
	EndGlobalSection
EndGlobal
